<?xml version="1.0" encoding="utf-8"?>
<Project ToolsVersion="4.0" xmlns="http://schemas.microsoft.com/developer/msbuild/2003">
  <ItemGroup>
    <Filter Include="Resource Files">
      <UniqueIdentifier>{67DA6AB6-F800-4c08-8B7A-83BB121AAD01}</UniqueIdentifier>
      <Extensions>rc;ico;cur;bmp;dlg;rc2;rct;bin;rgs;gif;jpg;jpeg;jpe;resx;tiff;tif;png;wav;mfcribbon-ms</Extensions>
    </Filter>
    <Filter Include="Network">
      <UniqueIdentifier>{8cff1fe6-918b-4d4c-b8f2-1443bccd8436}</UniqueIdentifier>
    </Filter>
    <Filter Include="ChatData">
      <UniqueIdentifier>{9c80f182-65cf-487e-9f11-c5b1f8695944}</UniqueIdentifier>
    </Filter>
    <Filter Include="Network\Headers">
      <UniqueIdentifier>{2998746b-75ad-4874-9c1a-7175c2e61880}</UniqueIdentifier>
    </Filter>
    <Filter Include="ChatData\Sources">
      <UniqueIdentifier>{b5cfccc3-f441-41aa-93e5-d613a83d310d}</UniqueIdentifier>
    </Filter>
    <Filter Include="Network\Sources">
      <UniqueIdentifier>{4da4fd5a-8682-4356-98ee-f7e9b8a32a9a}</UniqueIdentifier>
    </Filter>
    <Filter Include="Misc">
      <UniqueIdentifier>{93995380-89BD-4b04-88EB-625FBE52EBFB}</UniqueIdentifier>
      <Extensions>h;hpp;hxx;hm;inl;inc;xsd</Extensions>
    </Filter>
    <Filter Include="Misc\Headers">
      <UniqueIdentifier>{b572ab49-389b-4147-8b3a-cf044cebc7d2}</UniqueIdentifier>
    </Filter>
    <Filter Include="Misc\Sources">
      <UniqueIdentifier>{4FC737F1-C7A5-4376-A066-2A32D752A2FF}</UniqueIdentifier>
      <Extensions>cpp;c;cc;cxx;def;odl;idl;hpj;bat;asm;asmx</Extensions>
    </Filter>
    <Filter Include="ChatData\Headers">
      <UniqueIdentifier>{2572a416-2e1f-4e93-ab0d-e0ccb1658487}</UniqueIdentifier>
    </Filter>
  </ItemGroup>
  <ItemGroup>
    <ClCompile Include="main.cpp">
      <Filter>Misc\Sources</Filter>
    </ClCompile>
    <ClCompile Include="Address.cpp">
      <Filter>Network\Sources</Filter>
    </ClCompile>
    <ClCompile Include="ISocket.cpp">
      <Filter>Network\Sources</Filter>
    </ClCompile>
    <ClCompile Include="WinSocket.cpp">
      <Filter>Network\Sources</Filter>
    </ClCompile>
    <ClCompile Include="Packet.cpp">
      <Filter>ChatData\Sources</Filter>
    </ClCompile>
    <ClCompile Include="MessageReceiver.cpp">
      <Filter>ChatData\Sources</Filter>
    </ClCompile>
    <ClCompile Include="PlatformUtils.cpp">
      <Filter>Misc\Sources</Filter>
    </ClCompile>
  </ItemGroup>
  <ItemGroup>
    <ClInclude Include="Address.h">
      <Filter>Network\Headers</Filter>
    </ClInclude>
    <ClInclude Include="ISocket.h">
      <Filter>Network\Headers</Filter>
    </ClInclude>
    <ClInclude Include="Socket.h">
      <Filter>Network\Headers</Filter>
    </ClInclude>
    <ClInclude Include="WinSocket.h">
      <Filter>Network\Headers</Filter>
    </ClInclude>
    <ClInclude Include="PlatformDetection.h">
      <Filter>Misc\Headers</Filter>
    </ClInclude>
    <ClInclude Include="Packet.h">
      <Filter>ChatData\Headers</Filter>
    </ClInclude>
    <ClInclude Include="MessageReceiver.h">
      <Filter>ChatData\Headers</Filter>
    </ClInclude>
    <ClInclude Include="PlatformUtils.h">
      <Filter>Misc\Headers</Filter>
    </ClInclude>
  </ItemGroup>
</Project>